
Microsoft Visual Studio Solution File, Format Version 12.00
# Visual Studio Version 17
VisualStudioVersion = 17.7.34018.315
MinimumVisualStudioVersion = 10.0.40219.1
Project("{8BC9CEB8-8B4A-11D0-8D11-00A0C91BC942}") = "Data_Structure_project", "Data_Structure_project.vcxproj", "{A1021E1B-2D5C-409E-81B6-384903460E15}"
EndProject
Global
	GlobalSection(SolutionConfigurationPlatforms) = preSolution
		Debug|x64 = Debug|x64
		Debug|x86 = Debug|x86
		Release|x64 = Release|x64
		Release|x86 = Release|x86
	EndGlobalSection
	GlobalSection(ProjectConfigurationPlatforms) = postSolution
		{A1021E1B-2D5C-409E-81B6-384903460E15}.Debug|x64.ActiveCfg = Debug|x64
		{A1021E1B-2D5C-409E-81B6-384903460E15}.Debug|x64.Build.0 = Debug|x64
		{A1021E1B-2D5C-409E-81B6-384903460E15}.Debug|x86.ActiveCfg = Debug|Win32
		{A1021E1B-2D5C-409E-81B6-384903460E15}.Debug|x86.Build.0 = Debug|Win32
		{A1021E1B-2D5C-409E-81B6-384903460E15}.Release|x64.ActiveCfg = Release|x64
		{A1021E1B-2D5C-409E-81B6-384903460E15}.Release|x64.Build.0 = Release|x64
		{A1021E1B-2D5C-409E-81B6-384903460E15}.Release|x86.ActiveCfg = Release|Win32
		{A1021E1B-2D5C-409E-81B6-384903460E15}.Release|x86.Build.0 = Release|Win32
	EndGlobalSection
	GlobalSection(SolutionProperties) = preSolution
		HideSolutionNode = FALSE
	EndGlobalSection
	GlobalSection(ExtensibilityGlobals) = postSolution
		SolutionGuid = {DEAB9D73-0D1C-4046-9AC9-F7474D46A7B9}
	EndGlobalSection
EndGlobal
